
Microsoft Visual Studio Solution File, Format Version 12.00
# Visual Studio Version 16
VisualStudioVersion = 16.0.28803.202
MinimumVisualStudioVersion = 10.0.40219.1
Project("{9A19103F-16F7-4668-BE54-9A1E7A4F7556}") = "BlackJackTounamentClasses", "BlackJackTounamentClasses\BlackJackTounamentClasses.csproj", "{C5BEAF22-74F1-4129-B988-8ED150139036}"
EndProject
Project("{FAE04EC0-301F-11D3-BF4B-00C04F79EFBC}") = "BlackJackTournamentForms", "BlackJackTournamentForms\BlackJackTournamentForms.csproj", "{79A7E6FE-C1FD-491B-BCA5-2427F807016A}"
EndProject
Global
	GlobalSection(SolutionConfigurationPlatforms) = preSolution
		Debug|Any CPU = Debug|Any CPU
		Release|Any CPU = Release|Any CPU
	EndGlobalSection
	GlobalSection(ProjectConfigurationPlatforms) = postSolution
		{C5BEAF22-74F1-4129-B988-8ED150139036}.Debug|Any CPU.ActiveCfg = Debug|Any CPU
		{C5BEAF22-74F1-4129-B988-8ED150139036}.Debug|Any CPU.Build.0 = Debug|Any CPU
		{C5BEAF22-74F1-4129-B988-8ED150139036}.Release|Any CPU.ActiveCfg = Release|Any CPU
		{C5BEAF22-74F1-4129-B988-8ED150139036}.Release|Any CPU.Build.0 = Release|Any CPU
		{79A7E6FE-C1FD-491B-BCA5-2427F807016A}.Debug|Any CPU.ActiveCfg = Debug|Any CPU
		{79A7E6FE-C1FD-491B-BCA5-2427F807016A}.Debug|Any CPU.Build.0 = Debug|Any CPU
		{79A7E6FE-C1FD-491B-BCA5-2427F807016A}.Release|Any CPU.ActiveCfg = Release|Any CPU
		{79A7E6FE-C1FD-491B-BCA5-2427F807016A}.Release|Any CPU.Build.0 = Release|Any CPU
	EndGlobalSection
	GlobalSection(SolutionProperties) = preSolution
		HideSolutionNode = FALSE
	EndGlobalSection
	GlobalSection(ExtensibilityGlobals) = postSolution
		SolutionGuid = {A0148B07-C3D2-4473-ABF7-E1237EF3E994}
	EndGlobalSection
EndGlobal
